
Microsoft Visual Studio Solution File, Format Version 12.00
# Visual Studio Version 16
VisualStudioVersion = 16.0.30002.166
MinimumVisualStudioVersion = 10.0.40219.1
Project("{FAE04EC0-301F-11D3-BF4B-00C04F79EFBC}") = "WSClient", "WSClient\WSClient.csproj", "{667BE42D-0AB1-4C05-99FE-B35881D396CD}"
EndProject
Global
	GlobalSection(SolutionConfigurationPlatforms) = preSolution
		Debug|Any CPU = Debug|Any CPU
		Release|Any CPU = Release|Any CPU
	EndGlobalSection
	GlobalSection(ProjectConfigurationPlatforms) = postSolution
		{667BE42D-0AB1-4C05-99FE-B35881D396CD}.Debug|Any CPU.ActiveCfg = Debug|Any CPU
		{667BE42D-0AB1-4C05-99FE-B35881D396CD}.Debug|Any CPU.Build.0 = Debug|Any CPU
		{667BE42D-0AB1-4C05-99FE-B35881D396CD}.Release|Any CPU.ActiveCfg = Release|Any CPU
		{667BE42D-0AB1-4C05-99FE-B35881D396CD}.Release|Any CPU.Build.0 = Release|Any CPU
	EndGlobalSection
	GlobalSection(SolutionProperties) = preSolution
		HideSolutionNode = FALSE
	EndGlobalSection
	GlobalSection(ExtensibilityGlobals) = postSolution
		SolutionGuid = {590E02B5-BA96-4DF2-B2BE-A3FCCF93EABA}
	EndGlobalSection
EndGlobal
